
Microsoft Visual Studio Solution File, Format Version 12.00
# Visual Studio Version 17
VisualStudioVersion = 17.13.35818.85 d17.13
MinimumVisualStudioVersion = 10.0.40219.1
Project("{FAE04EC0-301F-11D3-BF4B-00C04F79EFBC}") = "QuanLyDiemSinhVien", "QuanLyDiemSinhVien\QuanLyDiemSinhVien.csproj", "{36301148-F1D1-468D-9292-5CA10C90EDDB}"
EndProject
Global
	GlobalSection(SolutionConfigurationPlatforms) = preSolution
		Debug|Any CPU = Debug|Any CPU
		Release|Any CPU = Release|Any CPU
	EndGlobalSection
	GlobalSection(ProjectConfigurationPlatforms) = postSolution
		{36301148-F1D1-468D-9292-5CA10C90EDDB}.Debug|Any CPU.ActiveCfg = Debug|Any CPU
		{36301148-F1D1-468D-9292-5CA10C90EDDB}.Debug|Any CPU.Build.0 = Debug|Any CPU
		{36301148-F1D1-468D-9292-5CA10C90EDDB}.Release|Any CPU.ActiveCfg = Release|Any CPU
		{36301148-F1D1-468D-9292-5CA10C90EDDB}.Release|Any CPU.Build.0 = Release|Any CPU
	EndGlobalSection
	GlobalSection(SolutionProperties) = preSolution
		HideSolutionNode = FALSE
	EndGlobalSection
	GlobalSection(ExtensibilityGlobals) = postSolution
		SolutionGuid = {AF781E96-DCD3-41C0-B5A1-CFBA0EA62A9A}
	EndGlobalSection
EndGlobal
